// !$*UTF8*$!
{
	archiveVersion = 1;
	classes = {
	};
	objectVersion = 46;
	objects = {

/* Begin PBXBuildFile section */
		1F814FB39375C2705028EA6A /* libPods-FMDB_test.a in Frameworks */ = {isa = PBXBuildFile; fileRef = 6F68C6BA7567892D4459C405 /* libPods-FMDB_test.a */; };
		22CBC90389391279C1ED40ED /* libPods-FMDB_testUITests.a in Frameworks */ = {isa = PBXBuildFile; fileRef = DE45A08CFA0FBED269B047AB /* libPods-FMDB_testUITests.a */; };
		8AE10FBC1F7DD7B7006624DE /* main.m in Sources */ = {isa = PBXBuildFile; fileRef = 8AE10FBB1F7DD7B7006624DE /* main.m */; };
		8AE10FBF1F7DD7B7006624DE /* AppDelegate.m in Sources */ = {isa = PBXBuildFile; fileRef = 8AE10FBE1F7DD7B7006624DE /* AppDelegate.m */; };
		8AE10FC21F7DD7B7006624DE /* ViewController.m in Sources */ = {isa = PBXBuildFile; fileRef = 8AE10FC11F7DD7B7006624DE /* ViewController.m */; };
		8AE10FC51F7DD7B7006624DE /* Main.storyboard in Resources */ = {isa = PBXBuildFile; fileRef = 8AE10FC31F7DD7B7006624DE /* Main.storyboard */; };
		8AE10FC71F7DD7B7006624DE /* Assets.xcassets in Resources */ = {isa = PBXBuildFile; fileRef = 8AE10FC61F7DD7B7006624DE /* Assets.xcassets */; };
		8AE10FCA1F7DD7B7006624DE /* LaunchScreen.storyboard in Resources */ = {isa = PBXBuildFile; fileRef = 8AE10FC81F7DD7B7006624DE /* LaunchScreen.storyboard */; };
		8AE10FD51F7DD7B7006624DE /* FMDB_testTests.m in Sources */ = {isa = PBXBuildFile; fileRef = 8AE10FD41F7DD7B7006624DE /* FMDB_testTests.m */; };
		8AE10FE01F7DD7B7006624DE /* FMDB_testUITests.m in Sources */ = {isa = PBXBuildFile; fileRef = 8AE10FDF1F7DD7B7006624DE /* FMDB_testUITests.m */; };
		AB1B581FD709FFA98B6F77A4 /* libPods-FMDB_testTests.a in Frameworks */ = {isa = PBXBuildFile; fileRef = 7CF65F4141D1D044953033DE /* libPods-FMDB_testTests.a */; };
/* End PBXBuildFile section */

/* Begin PBXContainerItemProxy section */
		8AE10FD11F7DD7B7006624DE /* PBXContainerItemProxy */ = {
			isa = PBXContainerItemProxy;
			containerPortal = 8AE10FAF1F7DD7B7006624DE /* Project object */;
			proxyType = 1;
			remoteGlobalIDString = 8AE10FB61F7DD7B7006624DE;
			remoteInfo = FMDB_test;
		};
		8AE10FDC1F7DD7B7006624DE /* PBXContainerItemProxy */ = {
			isa = PBXContainerItemProxy;
			containerPortal = 8AE10FAF1F7DD7B7006624DE /* Project object */;
			proxyType = 1;
			remoteGlobalIDString = 8AE10FB61F7DD7B7006624DE;
			remoteInfo = FMDB_test;
		};
/* End PBXContainerItemProxy section */

/* Begin PBXFileReference section */
		0672678E39F077F6E7E10658 /* Pods-FMDB_testUITests.debug.xcconfig */ = {isa = PBXFileReference; includeInIndex = 1; lastKnownFileType = text.xcconfig; name = "Pods-FMDB_testUITests.debug.xcconfig"; path = "Pods/Target Support Files/Pods-FMDB_testUITests/Pods-FMDB_testUITests.debug.xcconfig"; sourceTree = "<group>"; };
		0AC845F84080918FF809A728 /* Pods-FMDB_test.release.xcconfig */ = {isa = PBXFileReference; includeInIndex = 1; lastKnownFileType = text.xcconfig; name = "Pods-FMDB_test.release.xcconfig"; path = "Pods/Target Support Files/Pods-FMDB_test/Pods-FMDB_test.release.xcconfig"; sourceTree = "<group>"; };
		6F68C6BA7567892D4459C405 /* libPods-FMDB_test.a */ = {isa = PBXFileReference; explicitFileType = archive.ar; includeInIndex = 0; path = "libPods-FMDB_test.a"; sourceTree = BUILT_PRODUCTS_DIR; };
		7CF65F4141D1D044953033DE /* libPods-FMDB_testTests.a */ = {isa = PBXFileReference; explicitFileType = archive.ar; includeInIndex = 0; path = "libPods-FMDB_testTests.a"; sourceTree = BUILT_PRODUCTS_DIR; };
		8AE10FB71F7DD7B7006624DE /* FMDB_test.app */ = {isa = PBXFileReference; explicitFileType = wrapper.application; includeInIndex = 0; path = FMDB_test.app; sourceTree = BUILT_PRODUCTS_DIR; };
		8AE10FBB1F7DD7B7006624DE /* main.m */ = {isa = PBXFileReference; lastKnownFileType = sourcecode.c.objc; path = main.m; sourceTree = "<group>"; };
		8AE10FBD1F7DD7B7006624DE /* AppDelegate.h */ = {isa = PBXFileReference; lastKnownFileType = sourcecode.c.h; path = AppDelegate.h; sourceTree = "<group>"; };
		8AE10FBE1F7DD7B7006624DE /* AppDelegate.m */ = {isa = PBXFileReference; lastKnownFileType = sourcecode.c.objc; path = AppDelegate.m; sourceTree = "<group>"; };
		8AE10FC01F7DD7B7006624DE /* ViewController.h */ = {isa = PBXFileReference; lastKnownFileType = sourcecode.c.h; path = ViewController.h; sourceTree = "<group>"; };
		8AE10FC11F7DD7B7006624DE /* ViewController.m */ = {isa = PBXFileReference; lastKnownFileType = sourcecode.c.objc; path = ViewController.m; sourceTree = "<group>"; };
		8AE10FC41F7DD7B7006624DE /* Base */ = {isa = PBXFileReference; lastKnownFileType = file.storyboard; name = Base; path = Base.lproj/Main.storyboard; sourceTree = "<group>"; };
		8AE10FC61F7DD7B7006624DE /* Assets.xcassets */ = {isa = PBXFileReference; lastKnownFileType = folder.assetcatalog; path = Assets.xcassets; sourceTree = "<group>"; };
		8AE10FC91F7DD7B7006624DE /* Base */ = {isa = PBXFileReference; lastKnownFileType = file.storyboard; name = Base; path = Base.lproj/LaunchScreen.storyboard; sourceTree = "<group>"; };
		8AE10FCB1F7DD7B7006624DE /* Info.plist */ = {isa = PBXFileReference; lastKnownFileType = text.plist.xml; path = Info.plist; sourceTree = "<group>"; };
		8AE10FD01F7DD7B7006624DE /* FMDB_testTests.xctest */ = {isa = PBXFileReference; explicitFileType = wrapper.cfbundle; includeInIndex = 0; path = FMDB_testTests.xctest; sourceTree = BUILT_PRODUCTS_DIR; };
		8AE10FD41F7DD7B7006624DE /* FMDB_testTests.m */ = {isa = PBXFileReference; lastKnownFileType = sourcecode.c.objc; path = FMDB_testTests.m; sourceTree = "<group>"; };
		8AE10FD61F7DD7B7006624DE /* Info.plist */ = {isa = PBXFileReference; lastKnownFileType = text.plist.xml; path = Info.plist; sourceTree = "<group>"; };
		8AE10FDB1F7DD7B7006624DE /* FMDB_testUITests.xctest */ = {isa = PBXFileReference; explicitFileType = wrapper.cfbundle; includeInIndex = 0; path = FMDB_testUITests.xctest; sourceTree = BUILT_PRODUCTS_DIR; };
		8AE10FDF1F7DD7B7006624DE /* FMDB_testUITests.m */ = {isa = PBXFileReference; lastKnownFileType = sourcecode.c.objc; path = FMDB_testUITests.m; sourceTree = "<group>"; };
		8AE10FE11F7DD7B7006624DE /* Info.plist */ = {isa = PBXFileReference; lastKnownFileType = text.plist.xml; path = Info.plist; sourceTree = "<group>"; };
		9C7EB590CAAD7FD8DA92028A /* Pods-FMDB_testTests.release.xcconfig */ = {isa = PBXFileReference; includeInIndex = 1; lastKnownFileType = text.xcconfig; name = "Pods-FMDB_testTests.release.xcconfig"; path = "Pods/Target Support Files/Pods-FMDB_testTests/Pods-FMDB_testTests.release.xcconfig"; sourceTree = "<group>"; };
		A337079743F4B9C74B64ABC0 /* Pods-FMDB_testUITests.release.xcconfig */ = {isa = PBXFileReference; includeInIndex = 1; lastKnownFileType = text.xcconfig; name = "Pods-FMDB_testUITests.release.xcconfig"; path = "Pods/Target Support Files/Pods-FMDB_testUITests/Pods-FMDB_testUITests.release.xcconfig"; sourceTree = "<group>"; };
		D1E38936F8314E6B83EDD67E /* Pods-FMDB_testTests.debug.xcconfig */ = {isa = PBXFileReference; includeInIndex = 1; lastKnownFileType = text.xcconfig; name = "Pods-FMDB_testTests.debug.xcconfig"; path = "Pods/Target Support Files/Pods-FMDB_testTests/Pods-FMDB_testTests.debug.xcconfig"; sourceTree = "<group>"; };
		DE45A08CFA0FBED269B047AB /* libPods-FMDB_testUITests.a */ = {isa = PBXFileReference; explicitFileType = archive.ar; includeInIndex = 0; path = "libPods-FMDB_testUITests.a"; sourceTree = BUILT_PRODUCTS_DIR; };
		F2CAB5E2951C7B897D91CE6E /* Pods-FMDB_test.debug.xcconfig */ = {isa = PBXFileReference; includeInIndex = 1; lastKnownFileType = text.xcconfig; name = "Pods-FMDB_test.debug.xcconfig"; path = "Pods/Target Support Files/Pods-FMDB_test/Pods-FMDB_test.debug.xcconfig"; sourceTree = "<group>"; };
/* End PBXFileReference section */

/* Begin PBXFrameworksBuildPhase section */
		8AE10FB41F7DD7B7006624DE /* Frameworks */ = {
			isa = PBXFrameworksBuildPhase;
			buildActionMask = 2147483647;
			files = (
				1F814FB39375C2705028EA6A /* libPods-FMDB_test.a in Frameworks */,
			);
			runOnlyForDeploymentPostprocessing = 0;
		};
		8AE10FCD1F7DD7B7006624DE /* Frameworks */ = {
			isa = PBXFrameworksBuildPhase;
			buildActionMask = 2147483647;
			files = (
				AB1B581FD709FFA98B6F77A4 /* libPods-FMDB_testTests.a in Frameworks */,
			);
			runOnlyForDeploymentPostprocessing = 0;
		};
		8AE10FD81F7DD7B7006624DE /* Frameworks */ = {
			isa = PBXFrameworksBuildPhase;
			buildActionMask = 2147483647;
			files = (
				22CBC90389391279C1ED40ED /* libPods-FMDB_testUITests.a in Frameworks */,
			);
			runOnlyForDeploymentPostprocessing = 0;
		};
/* End PBXFrameworksBuildPhase section */

/* Begin PBXGroup section */
		0DEB5B58FC662D050B97385F /* Frameworks */ = {
			isa = PBXGroup;
			children = (
				6F68C6BA7567892D4459C405 /* libPods-FMDB_test.a */,
				7CF65F4141D1D044953033DE /* libPods-FMDB_testTests.a */,
				DE45A08CFA0FBED269B047AB /* libPods-FMDB_testUITests.a */,
			);
			name = Frameworks;
			sourceTree = "<group>";
		};
		44B41CC80D2E8AD22A85CDAD /* Pods */ = {
			isa = PBXGroup;
			children = (
				F2CAB5E2951C7B897D91CE6E /* Pods-FMDB_test.debug.xcconfig */,
				0AC845F84080918FF809A728 /* Pods-FMDB_test.release.xcconfig */,
				D1E38936F8314E6B83EDD67E /* Pods-FMDB_testTests.debug.xcconfig */,
				9C7EB590CAAD7FD8DA92028A /* Pods-FMDB_testTests.release.xcconfig */,
				0672678E39F077F6E7E10658 /* Pods-FMDB_testUITests.debug.xcconfig */,
				A337079743F4B9C74B64ABC0 /* Pods-FMDB_testUITests.release.xcconfig */,
			);
			name = Pods;
			sourceTree = "<group>";
		};
		8AE10FAE1F7DD7B7006624DE = {
			isa = PBXGroup;
			children = (
				8AE10FB91F7DD7B7006624DE /* FMDB_test */,
				8AE10FD31F7DD7B7006624DE /* FMDB_testTests */,
				8AE10FDE1F7DD7B7006624DE /* FMDB_testUITests */,
				8AE10FB81F7DD7B7006624DE /* Products */,
				44B41CC80D2E8AD22A85CDAD /* Pods */,
				0DEB5B58FC662D050B97385F /* Frameworks */,
			);
			sourceTree = "<group>";
		};
		8AE10FB81F7DD7B7006624DE /* Products */ = {
			isa = PBXGroup;
			children = (
				8AE10FB71F7DD7B7006624DE /* FMDB_test.app */,
				8AE10FD01F7DD7B7006624DE /* FMDB_testTests.xctest */,
				8AE10FDB1F7DD7B7006624DE /* FMDB_testUITests.xctest */,
			);
			name = Products;
			sourceTree = "<group>";
		};
		8AE10FB91F7DD7B7006624DE /* FMDB_test */ = {
			isa = PBXGroup;
			children = (
				8AE10FBD1F7DD7B7006624DE /* AppDelegate.h */,
				8AE10FBE1F7DD7B7006624DE /* AppDelegate.m */,
				8AE10FC01F7DD7B7006624DE /* ViewController.h */,
				8AE10FC11F7DD7B7006624DE /* ViewController.m */,
				8AE10FC31F7DD7B7006624DE /* Main.storyboard */,
				8AE10FC61F7DD7B7006624DE /* Assets.xcassets */,
				8AE10FC81F7DD7B7006624DE /* LaunchScreen.storyboard */,
				8AE10FCB1F7DD7B7006624DE /* Info.plist */,
				8AE10FBA1F7DD7B7006624DE /* Supporting Files */,
			);
			path = FMDB_test;
			sourceTree = "<group>";
		};
		8AE10FBA1F7DD7B7006624DE /* Supporting Files */ = {
			isa = PBXGroup;
			children = (
				8AE10FBB1F7DD7B7006624DE /* main.m */,
			);
			name = "Supporting Files";
			sourceTree = "<group>";
		};
		8AE10FD31F7DD7B7006624DE /* FMDB_testTests */ = {
			isa = PBXGroup;
			children = (
				8AE10FD41F7DD7B7006624DE /* FMDB_testTests.m */,
				8AE10FD61F7DD7B7006624DE /* Info.plist */,
			);
			path = FMDB_testTests;
			sourceTree = "<group>";
		};
		8AE10FDE1F7DD7B7006624DE /* FMDB_testUITests */ = {
			isa = PBXGroup;
			children = (
				8AE10FDF1F7DD7B7006624DE /* FMDB_testUITests.m */,
				8AE10FE11F7DD7B7006624DE /* Info.plist */,
			);
			path = FMDB_testUITests;
			sourceTree = "<group>";
		};
/* End PBXGroup section */

/* Begin PBXNativeTarget section */
		8AE10FB61F7DD7B7006624DE /* FMDB_test */ = {
			isa = PBXNativeTarget;
			buildConfigurationList = 8AE10FE41F7DD7B7006624DE /* Build configuration list for PBXNativeTarget "FMDB_test" */;
			buildPhases = (
				43A6ED6B9D12D3D41B06CB0E /* [CP] Check Pods Manifest.lock */,
				8AE10FB31F7DD7B7006624DE /* Sources */,
				8AE10FB41F7DD7B7006624DE /* Frameworks */,
				8AE10FB51F7DD7B7006624DE /* Resources */,
				82841F2ADEB4851CBDB7353F /* [CP] Embed Pods Frameworks */,
				31A5C0063B30AB88FE0FCC00 /* [CP] Copy Pods Resources */,
			);
			buildRules = (
			);
			dependencies = (
			);
			name = FMDB_test;
			productName = FMDB_test;
			productReference = 8AE10FB71F7DD7B7006624DE /* FMDB_test.app */;
			productType = "com.apple.product-type.application";
		};
		8AE10FCF1F7DD7B7006624DE /* FMDB_testTests */ = {
			isa = PBXNativeTarget;
			buildConfigurationList = 8AE10FE71F7DD7B7006624DE /* Build configuration list for PBXNativeTarget "FMDB_testTests" */;
			buildPhases = (
				ECC2C18E6819320F1204BFA9 /* [CP] Check Pods Manifest.lock */,
				8AE10FCC1F7DD7B7006624DE /* Sources */,
				8AE10FCD1F7DD7B7006624DE /* Frameworks */,
				8AE10FCE1F7DD7B7006624DE /* Resources */,
				DB7A5C72D4D779C1241B3E65 /* [CP] Embed Pods Frameworks */,
				E1ED414644FC89CD6246069D /* [CP] Copy Pods Resources */,
			);
			buildRules = (
			);
			dependencies = (
				8AE10FD21F7DD7B7006624DE /* PBXTargetDependency */,
			);
			name = FMDB_testTests;
			productName = FMDB_testTests;
			productReference = 8AE10FD01F7DD7B7006624DE /* FMDB_testTests.xctest */;
			productType = "com.apple.product-type.bundle.unit-test";
		};
		8AE10FDA1F7DD7B7006624DE /* FMDB_testUITests */ = {
			isa = PBXNativeTarget;
			buildConfigurationList = 8AE10FEA1F7DD7B7006624DE /* Build configuration list for PBXNativeTarget "FMDB_testUITests" */;
			buildPhases = (
				1E42C27E6DFA177B2B0023BE /* [CP] Check Pods Manifest.lock */,
				8AE10FD71F7DD7B7006624DE /* Sources */,
				8AE10FD81F7DD7B7006624DE /* Frameworks */,
				8AE10FD91F7DD7B7006624DE /* Resources */,
				DCB17EBC90EB88282B9973A4 /* [CP] Embed Pods Frameworks */,
				470B736669894A49A50D6346 /* [CP] Copy Pods Resources */,
			);
			buildRules = (
			);
			dependencies = (
				8AE10FDD1F7DD7B7006624DE /* PBXTargetDependency */,
			);
			name = FMDB_testUITests;
			productName = FMDB_testUITests;
			productReference = 8AE10FDB1F7DD7B7006624DE /* FMDB_testUITests.xctest */;
			productType = "com.apple.product-type.bundle.ui-testing";
		};
/* End PBXNativeTarget section */

/* Begin PBXProject section */
		8AE10FAF1F7DD7B7006624DE /* Project object */ = {
			isa = PBXProject;
			attributes = {
				LastUpgradeCheck = 0830;
				ORGANIZATIONNAME = Risen;
				TargetAttributes = {
					8AE10FB61F7DD7B7006624DE = {
						CreatedOnToolsVersion = 8.3.1;
						ProvisioningStyle = Automatic;
					};
					8AE10FCF1F7DD7B7006624DE = {
						CreatedOnToolsVersion = 8.3.1;
						ProvisioningStyle = Automatic;
						TestTargetID = 8AE10FB61F7DD7B7006624DE;
					};
					8AE10FDA1F7DD7B7006624DE = {
						CreatedOnToolsVersion = 8.3.1;
						ProvisioningStyle = Automatic;
						TestTargetID = 8AE10FB61F7DD7B7006624DE;
					};
				};
			};
			buildConfigurationList = 8AE10FB21F7DD7B7006624DE /* Build configuration list for PBXProject "FMDB_test" */;
			compatibilityVersion = "Xcode 3.2";
			developmentRegion = English;
			hasScannedForEncodings = 0;
			knownRegions = (
				en,
				Base,
			);
			mainGroup = 8AE10FAE1F7DD7B7006624DE;
			productRefGroup = 8AE10FB81F7DD7B7006624DE /* Products */;
			projectDirPath = "";
			projectRoot = "";
			targets = (
				8AE10FB61F7DD7B7006624DE /* FMDB_test */,
				8AE10FCF1F7DD7B7006624DE /* FMDB_testTests */,
				8AE10FDA1F7DD7B7006624DE /* FMDB_testUITests */,
			);
		};
/* End PBXProject section */

/* Begin PBXResourcesBuildPhase section */
		8AE10FB51F7DD7B7006624DE /* Resources */ = {
			isa = PBXResourcesBuildPhase;
			buildActionMask = 2147483647;
			files = (
				8AE10FCA1F7DD7B7006624DE /* LaunchScreen.storyboard in Resources */,
				8AE10FC71F7DD7B7006624DE /* Assets.xcassets in Resources */,
				8AE10FC51F7DD7B7006624DE /* Main.storyboard in Resources */,
			);
			runOnlyForDeploymentPostprocessing = 0;
		};
		8AE10FCE1F7DD7B7006624DE /* Resources */ = {
			isa = PBXResourcesBuildPhase;
			buildActionMask = 2147483647;
			files = (
			);
			runOnlyForDeploymentPostprocessing = 0;
		};
		8AE10FD91F7DD7B7006624DE /* Resources */ = {
			isa = PBXResourcesBuildPhase;
			buildActionMask = 2147483647;
			files = (
			);
			runOnlyForDeploymentPostprocessing = 0;
		};
/* End PBXResourcesBuildPhase section */

/* Begin PBXShellScriptBuildPhase section */
		1E42C27E6DFA177B2B0023BE /* [CP] Check Pods Manifest.lock */ = {
			isa = PBXShellScriptBuildPhase;
			buildActionMask = 2147483647;
			files = (
			);
			inputPaths = (
				"${PODS_PODFILE_DIR_PATH}/Podfile.lock",
				"${PODS_ROOT}/Manifest.lock",
			);
			name = "[CP] Check Pods Manifest.lock";
			outputPaths = (
				"$(DERIVED_FILE_DIR)/Pods-FMDB_testUITests-checkManifestLockResult.txt",
			);
			runOnlyForDeploymentPostprocessing = 0;
			shellPath = /bin/sh;
			shellScript = "diff \"${PODS_PODFILE_DIR_PATH}/Podfile.lock\" \"${PODS_ROOT}/Manifest.lock\" > /dev/null\nif [ $? != 0 ] ; then\n    # print error to STDERR\n    echo \"error: The sandbox is not in sync with the Podfile.lock. Run 'pod install' or update your CocoaPods installation.\" >&2\n    exit 1\nfi\n# This output is used by Xcode 'outputs' to avoid re-running this script phase.\necho \"SUCCESS\" > \"${SCRIPT_OUTPUT_FILE_0}\"\n";
			showEnvVarsInLog = 0;
		};
		31A5C0063B30AB88FE0FCC00 /* [CP] Copy Pods Resources */ = {
			isa = PBXShellScriptBuildPhase;
			buildActionMask = 2147483647;
			files = (
			);
			inputPaths = (
			);
			name = "[CP] Copy Pods Resources";
			outputPaths = (
			);
			runOnlyForDeploymentPostprocessing = 0;
			shellPath = /bin/sh;
			shellScript = "\"${SRCROOT}/Pods/Target Support Files/Pods-FMDB_test/Pods-FMDB_test-resources.sh\"\n";
			showEnvVarsInLog = 0;
		};
		43A6ED6B9D12D3D41B06CB0E /* [CP] Check Pods Manifest.lock */ = {
			isa = PBXShellScriptBuildPhase;
			buildActionMask = 2147483647;
			files = (
			);
			inputPaths = (
				"${PODS_PODFILE_DIR_PATH}/Podfile.lock",
				"${PODS_ROOT}/Manifest.lock",
			);
			name = "[CP] Check Pods Manifest.lock";
			outputPaths = (
				"$(DERIVED_FILE_DIR)/Pods-FMDB_test-checkManifestLockResult.txt",
			);
			runOnlyForDeploymentPostprocessing = 0;
			shellPath = /bin/sh;
			shellScript = "diff \"${PODS_PODFILE_DIR_PATH}/Podfile.lock\" \"${PODS_ROOT}/Manifest.lock\" > /dev/null\nif [ $? != 0 ] ; then\n    # print error to STDERR\n    echo \"error: The sandbox is not in sync with the Podfile.lock. Run 'pod install' or update your CocoaPods installation.\" >&2\n    exit 1\nfi\n# This output is used by Xcode 'outputs' to avoid re-running this script phase.\necho \"SUCCESS\" > \"${SCRIPT_OUTPUT_FILE_0}\"\n";
			showEnvVarsInLog = 0;
		};
		470B736669894A49A50D6346 /* [CP] Copy Pods Resources */ = {
			isa = PBXShellScriptBuildPhase;
			buildActionMask = 2147483647;
			files = (
			);
			inputPaths = (
			);
			name = "[CP] Copy Pods Resources";
			outputPaths = (
			);
			runOnlyForDeploymentPostprocessing = 0;
			shellPath = /bin/sh;
			shellScript = "\"${SRCROOT}/Pods/Target Support Files/Pods-FMDB_testUITests/Pods-FMDB_testUITests-resources.sh\"\n";
			showEnvVarsInLog = 0;
		};
		82841F2ADEB4851CBDB7353F /* [CP] Embed Pods Frameworks */ = {
			isa = PBXShellScriptBuildPhase;
			buildActionMask = 2147483647;
			files = (
			);
			inputPaths = (
			);
			name = "[CP] Embed Pods Frameworks";
			outputPaths = (
			);
			runOnlyForDeploymentPostprocessing = 0;
			shellPath = /bin/sh;
			shellScript = "\"${SRCROOT}/Pods/Target Support Files/Pods-FMDB_test/Pods-FMDB_test-frameworks.sh\"\n";
			showEnvVarsInLog = 0;
		};
		DB7A5C72D4D779C1241B3E65 /* [CP] Embed Pods Frameworks */ = {
			isa = PBXShellScriptBuildPhase;
			buildActionMask = 2147483647;
			files = (
			);
			inputPaths = (
			);
			name = "[CP] Embed Pods Frameworks";
			outputPaths = (
			);
			runOnlyForDeploymentPostprocessing = 0;
			shellPath = /bin/sh;
			shellScript = "\"${SRCROOT}/Pods/Target Support Files/Pods-FMDB_testTests/Pods-FMDB_testTests-frameworks.sh\"\n";
			showEnvVarsInLog = 0;
		};
		DCB17EBC90EB88282B9973A4 /* [CP] Embed Pods Frameworks */ = {
			isa = PBXShellScriptBuildPhase;
			buildActionMask = 2147483647;
			files = (
			);
			inputPaths = (
			);
			name = "[CP] Embed Pods Frameworks";
			outputPaths = (
			);
			runOnlyForDeploymentPostprocessing = 0;
			shellPath = /bin/sh;
			shellScript = "\"${SRCROOT}/Pods/Target Support Files/Pods-FMDB_testUITests/Pods-FMDB_testUITests-frameworks.sh\"\n";
			showEnvVarsInLog = 0;
		};
		E1ED414644FC89CD6246069D /* [CP] Copy Pods Resources */ = {
			isa = PBXShellScriptBuildPhase;
			buildActionMask = 2147483647;
			files = (
			);
			inputPaths = (
			);
			name = "[CP] Copy Pods Resources";
			outputPaths = (
			);
			runOnlyForDeploymentPostprocessing = 0;
			shellPath = /bin/sh;
			shellScript = "\"${SRCROOT}/Pods/Target Support Files/Pods-FMDB_testTests/Pods-FMDB_testTests-resources.sh\"\n";
			showEnvVarsInLog = 0;
		};
		ECC2C18E6819320F1204BFA9 /* [CP] Check Pods Manifest.lock */ = {
			isa = PBXShellScriptBuildPhase;
			buildActionMask = 2147483647;
			files = (
			);
			inputPaths = (
				"${PODS_PODFILE_DIR_PATH}/Podfile.lock",
				"${PODS_ROOT}/Manifest.lock",
			);
			name = "[CP] Check Pods Manifest.lock";
			outputPaths = (
				"$(DERIVED_FILE_DIR)/Pods-FMDB_testTests-checkManifestLockResult.txt",
			);
			runOnlyForDeploymentPostprocessing = 0;
			shellPath = /bin/sh;
			shellScript = "diff \"${PODS_PODFILE_DIR_PATH}/Podfile.lock\" \"${PODS_ROOT}/Manifest.lock\" > /dev/null\nif [ $? != 0 ] ; then\n    # print error to STDERR\n    echo \"error: The sandbox is not in sync with the Podfile.lock. Run 'pod install' or update your CocoaPods installation.\" >&2\n    exit 1\nfi\n# This output is used by Xcode 'outputs' to avoid re-running this script phase.\necho \"SUCCESS\" > \"${SCRIPT_OUTPUT_FILE_0}\"\n";
			showEnvVarsInLog = 0;
		};
/* End PBXShellScriptBuildPhase section */

/* Begin PBXSourcesBuildPhase section */
		8AE10FB31F7DD7B7006624DE /* Sources */ = {
			isa = PBXSourcesBuildPhase;
			buildActionMask = 2147483647;
			files = (
				8AE10FC21F7DD7B7006624DE /* ViewController.m in Sources */,
				8AE10FBF1F7DD7B7006624DE /* AppDelegate.m in Sources */,
				8AE10FBC1F7DD7B7006624DE /* main.m in Sources */,
			);
			runOnlyForDeploymentPostprocessing = 0;
		};
		8AE10FCC1F7DD7B7006624DE /* Sources */ = {
			isa = PBXSourcesBuildPhase;
			buildActionMask = 2147483647;
			files = (
				8AE10FD51F7DD7B7006624DE /* FMDB_testTests.m in Sources */,
			);
			runOnlyForDeploymentPostprocessing = 0;
		};
		8AE10FD71F7DD7B7006624DE /* Sources */ = {
			isa = PBXSourcesBuildPhase;
			buildActionMask = 2147483647;
			files = (
				8AE10FE01F7DD7B7006624DE /* FMDB_testUITests.m in Sources */,
			);
			runOnlyForDeploymentPostprocessing = 0;
		};
/* End PBXSourcesBuildPhase section */

/* Begin PBXTargetDependency section */
		8AE10FD21F7DD7B7006624DE /* PBXTargetDependency */ = {
			isa = PBXTargetDependency;
			target = 8AE10FB61F7DD7B7006624DE /* FMDB_test */;
			targetProxy = 8AE10FD11F7DD7B7006624DE /* PBXContainerItemProxy */;
		};
		8AE10FDD1F7DD7B7006624DE /* PBXTargetDependency */ = {
			isa = PBXTargetDependency;
			target = 8AE10FB61F7DD7B7006624DE /* FMDB_test */;
			targetProxy = 8AE10FDC1F7DD7B7006624DE /* PBXContainerItemProxy */;
		};
/* End PBXTargetDependency section */

/* Begin PBXVariantGroup section */
		8AE10FC31F7DD7B7006624DE /* Main.storyboard */ = {
			isa = PBXVariantGroup;
			children = (
				8AE10FC41F7DD7B7006624DE /* Base */,
			);
			name = Main.storyboard;
			sourceTree = "<group>";
		};
		8AE10FC81F7DD7B7006624DE /* LaunchScreen.storyboard */ = {
			isa = PBXVariantGroup;
			children = (
				8AE10FC91F7DD7B7006624DE /* Base */,
			);
			name = LaunchScreen.storyboard;
			sourceTree = "<group>";
		};
/* End PBXVariantGroup section */

/* Begin XCBuildConfiguration section */
		8AE10FE21F7DD7B7006624DE /* Debug */ = {
			isa = XCBuildConfiguration;
			buildSettings = {
				ALWAYS_SEARCH_USER_PATHS = NO;
				CLANG_ANALYZER_NONNULL = YES;
				CLANG_ANALYZER_NUMBER_OBJECT_CONVERSION = YES_AGGRESSIVE;
				CLANG_CXX_LANGUAGE_STANDARD = "gnu++0x";
				CLANG_CXX_LIBRARY = "libc++";
				CLANG_ENABLE_MODULES = YES;
				CLANG_ENABLE_OBJC_ARC = YES;
				CLANG_WARN_BOOL_CONVERSION = YES;
				CLANG_WARN_CONSTANT_CONVERSION = YES;
				CLANG_WARN_DIRECT_OBJC_ISA_USAGE = YES_ERROR;
				CLANG_WARN_DOCUMENTATION_COMMENTS = YES;
				CLANG_WARN_EMPTY_BODY = YES;
				CLANG_WARN_ENUM_CONVERSION = YES;
				CLANG_WARN_INFINITE_RECURSION = YES;
				CLANG_WARN_INT_CONVERSION = YES;
				CLANG_WARN_OBJC_ROOT_CLASS = YES_ERROR;
				CLANG_WARN_SUSPICIOUS_MOVE = YES;
				CLANG_WARN_UNREACHABLE_CODE = YES;
				CLANG_WARN__DUPLICATE_METHOD_MATCH = YES;
				"CODE_SIGN_IDENTITY[sdk=iphoneos*]" = "iPhone Developer";
				COPY_PHASE_STRIP = NO;
				DEBUG_INFORMATION_FORMAT = dwarf;
				ENABLE_STRICT_OBJC_MSGSEND = YES;
				ENABLE_TESTABILITY = YES;
				GCC_C_LANGUAGE_STANDARD = gnu99;
				GCC_DYNAMIC_NO_PIC = NO;
				GCC_NO_COMMON_BLOCKS = YES;
				GCC_OPTIMIZATION_LEVEL = 0;
				GCC_PREPROCESSOR_DEFINITIONS = (
					"DEBUG=1",
					"$(inherited)",
				);
				GCC_WARN_64_TO_32_BIT_CONVERSION = YES;
				GCC_WARN_ABOUT_RETURN_TYPE = YES_ERROR;
				GCC_WARN_UNDECLARED_SELECTOR = YES;
				GCC_WARN_UNINITIALIZED_AUTOS = YES_AGGRESSIVE;
				GCC_WARN_UNUSED_FUNCTION = YES;
				GCC_WARN_UNUSED_VARIABLE = YES;
				IPHONEOS_DEPLOYMENT_TARGET = 10.3;
				MTL_ENABLE_DEBUG_INFO = YES;
				ONLY_ACTIVE_ARCH = YES;
				SDKROOT = iphoneos;
				TARGETED_DEVICE_FAMILY = "1,2";
			};
			name = Debug;
		};
		8AE10FE31F7DD7B7006624DE /* Release */ = {
			isa = XCBuildConfiguration;
			buildSettings = {
				ALWAYS_SEARCH_USER_PATHS = NO;
				CLANG_ANALYZER_NONNULL = YES;
				CLANG_ANALYZER_NUMBER_OBJECT_CONVERSION = YES_AGGRESSIVE;
				CLANG_CXX_LANGUAGE_STANDARD = "gnu++0x";
				CLANG_CXX_LIBRARY = "libc++";
				CLANG_ENABLE_MODULES = YES;
				CLANG_ENABLE_OBJC_ARC = YES;
				CLANG_WARN_BOOL_CONVERSION = YES;
				CLANG_WARN_CONSTANT_CONVERSION = YES;
				CLANG_WARN_DIRECT_OBJC_ISA_USAGE = YES_ERROR;
				CLANG_WARN_DOCUMENTATION_COMMENTS = YES;
				CLANG_WARN_EMPTY_BODY = YES;
				CLANG_WARN_ENUM_CONVERSION = YES;
				CLANG_WARN_INFINITE_RECURSION = YES;
				CLANG_WARN_INT_CONVERSION = YES;
				CLANG_WARN_OBJC_ROOT_CLASS = YES_ERROR;
				CLANG_WARN_SUSPICIOUS_MOVE = YES;
				CLANG_WARN_UNREACHABLE_CODE = YES;
				CLANG_WARN__DUPLICATE_METHOD_MATCH = YES;
				"CODE_SIGN_IDENTITY[sdk=iphoneos*]" = "iPhone Developer";
				COPY_PHASE_STRIP = NO;
				DEBUG_INFORMATION_FORMAT = "dwarf-with-dsym";
				ENABLE_NS_ASSERTIONS = NO;
				ENABLE_STRICT_OBJC_MSGSEND = YES;
				GCC_C_LANGUAGE_STANDARD = gnu99;
				GCC_NO_COMMON_BLOCKS = YES;
				GCC_WARN_64_TO_32_BIT_CONVERSION = YES;
				GCC_WARN_ABOUT_RETURN_TYPE = YES_ERROR;
				GCC_WARN_UNDECLARED_SELECTOR = YES;
				GCC_WARN_UNINITIALIZED_AUTOS = YES_AGGRESSIVE;
				GCC_WARN_UNUSED_FUNCTION = YES;
				GCC_WARN_UNUSED_VARIABLE = YES;
				IPHONEOS_DEPLOYMENT_TARGET = 10.3;
				MTL_ENABLE_DEBUG_INFO = NO;
				SDKROOT = iphoneos;
				TARGETED_DEVICE_FAMILY = "1,2";
				VALIDATE_PRODUCT = YES;
			};
			name = Release;
		};
		8AE10FE51F7DD7B7006624DE /* Debug */ = {
			isa = XCBuildConfiguration;
			baseConfigurationReference = F2CAB5E2951C7B897D91CE6E /* Pods-FMDB_test.debug.xcconfig */;
			buildSettings = {
				ASSETCATALOG_COMPILER_APPICON_NAME = AppIcon;
				INFOPLIST_FILE = FMDB_test/Info.plist;
				LD_RUNPATH_SEARCH_PATHS = "$(inherited) @executable_path/Frameworks";
				PRODUCT_BUNDLE_IDENTIFIER = "djx.FMDB-test";
				PRODUCT_NAME = "$(TARGET_NAME)";
			};
			name = Debug;
		};
		8AE10FE61F7DD7B7006624DE /* Release */ = {
			isa = XCBuildConfiguration;
			baseConfigurationReference = 0AC845F84080918FF809A728 /* Pods-FMDB_test.release.xcconfig */;
			buildSettings = {
				ASSETCATALOG_COMPILER_APPICON_NAME = AppIcon;
				INFOPLIST_FILE = FMDB_test/Info.plist;
				LD_RUNPATH_SEARCH_PATHS = "$(inherited) @executable_path/Frameworks";
				PRODUCT_BUNDLE_IDENTIFIER = "djx.FMDB-test";
				PRODUCT_NAME = "$(TARGET_NAME)";
			};
			name = Release;
		};
		8AE10FE81F7DD7B7006624DE /* Debug */ = {
			isa = XCBuildConfiguration;
			baseConfigurationReference = D1E38936F8314E6B83EDD67E /* Pods-FMDB_testTests.debug.xcconfig */;
			buildSettings = {
				BUNDLE_LOADER = "$(TEST_HOST)";
				INFOPLIST_FILE = FMDB_testTests/Info.plist;
				LD_RUNPATH_SEARCH_PATHS = "$(inherited) @executable_path/Frameworks @loader_path/Frameworks";
				PRODUCT_BUNDLE_IDENTIFIER = "djx.FMDB-testTests";
				PRODUCT_NAME = "$(TARGET_NAME)";
				TEST_HOST = "$(BUILT_PRODUCTS_DIR)/FMDB_test.app/FMDB_test";
			};
			name = Debug;
		};
		8AE10FE91F7DD7B7006624DE /* Release */ = {
			isa = XCBuildConfiguration;
			baseConfigurationReference = 9C7EB590CAAD7FD8DA92028A /* Pods-FMDB_testTests.release.xcconfig */;
			buildSettings = {
				BUNDLE_LOADER = "$(TEST_HOST)";
				INFOPLIST_FILE = FMDB_testTests/Info.plist;
				LD_RUNPATH_SEARCH_PATHS = "$(inherited) @executable_path/Frameworks @loader_path/Frameworks";
				PRODUCT_BUNDLE_IDENTIFIER = "djx.FMDB-testTests";
				PRODUCT_NAME = "$(TARGET_NAME)";
				TEST_HOST = "$(BUILT_PRODUCTS_DIR)/FMDB_test.app/FMDB_test";
			};
			name = Release;
		};
		8AE10FEB1F7DD7B7006624DE /* Debug */ = {
			isa = XCBuildConfiguration;
			baseConfigurationReference = 0672678E39F077F6E7E10658 /* Pods-FMDB_testUITests.debug.xcconfig */;
			buildSettings = {
				INFOPLIST_FILE = FMDB_testUITests/Info.plist;
				LD_RUNPATH_SEARCH_PATHS = "$(inherited) @executable_path/Frameworks @loader_path/Frameworks";
				PRODUCT_BUNDLE_IDENTIFIER = "djx.FMDB-testUITests";
				PRODUCT_NAME = "$(TARGET_NAME)";
				TEST_TARGET_NAME = FMDB_test;
			};
			name = Debug;
		};
		8AE10FEC1F7DD7B7006624DE /* Release */ = {
			isa = XCBuildConfiguration;
			baseConfigurationReference = A337079743F4B9C74B64ABC0 /* Pods-FMDB_testUITests.release.xcconfig */;
			buildSettings = {
				INFOPLIST_FILE = FMDB_testUITests/Info.plist;
				LD_RUNPATH_SEARCH_PATHS = "$(inherited) @executable_path/Frameworks @loader_path/Frameworks";
				PRODUCT_BUNDLE_IDENTIFIER = "djx.FMDB-testUITests";
				PRODUCT_NAME = "$(TARGET_NAME)";
				TEST_TARGET_NAME = FMDB_test;
			};
			name = Release;
		};
/* End XCBuildConfiguration section */

/* Begin XCConfigurationList section */
		8AE10FB21F7DD7B7006624DE /* Build configuration list for PBXProject "FMDB_test" */ = {
			isa = XCConfigurationList;
			buildConfigurations = (
				8AE10FE21F7DD7B7006624DE /* Debug */,
				8AE10FE31F7DD7B7006624DE /* Release */,
			);
			defaultConfigurationIsVisible = 0;
			defaultConfigurationName = Release;
		};
		8AE10FE41F7DD7B7006624DE /* Build configuration list for PBXNativeTarget "FMDB_test" */ = {
			isa = XCConfigurationList;
			buildConfigurations = (
				8AE10FE51F7DD7B7006624DE /* Debug */,
				8AE10FE61F7DD7B7006624DE /* Release */,
			);
			defaultConfigurationIsVisible = 0;
		};
		8AE10FE71F7DD7B7006624DE /* Build configuration list for PBXNativeTarget "FMDB_testTests" */ = {
			isa = XCConfigurationList;
			buildConfigurations = (
				8AE10FE81F7DD7B7006624DE /* Debug */,
				8AE10FE91F7DD7B7006624DE /* Release */,
			);
			defaultConfigurationIsVisible = 0;
		};
		8AE10FEA1F7DD7B7006624DE /* Build configuration list for PBXNativeTarget "FMDB_testUITests" */ = {
			isa = XCConfigurationList;
			buildConfigurations = (
				8AE10FEB1F7DD7B7006624DE /* Debug */,
				8AE10FEC1F7DD7B7006624DE /* Release */,
			);
			defaultConfigurationIsVisible = 0;
		};
/* End XCConfigurationList section */
	};
	rootObject = 8AE10FAF1F7DD7B7006624DE /* Project object */;
}
